
Microsoft Visual Studio Solution File, Format Version 12.00
Project("{FAE04EC0-301F-11D3-BF4B-00C04F79EFBC}") = "HW12", "HW12\HW12.csproj", "{605BF8B2-8413-4DD7-A33E-64161A40EDA4}"
EndProject
Global
	GlobalSection(SolutionConfigurationPlatforms) = preSolution
		Debug|Any CPU = Debug|Any CPU
		Release|Any CPU = Release|Any CPU
	EndGlobalSection
	GlobalSection(ProjectConfigurationPlatforms) = postSolution
		{605BF8B2-8413-4DD7-A33E-64161A40EDA4}.Debug|Any CPU.ActiveCfg = Debug|Any CPU
		{605BF8B2-8413-4DD7-A33E-64161A40EDA4}.Debug|Any CPU.Build.0 = Debug|Any CPU
		{605BF8B2-8413-4DD7-A33E-64161A40EDA4}.Release|Any CPU.ActiveCfg = Release|Any CPU
		{605BF8B2-8413-4DD7-A33E-64161A40EDA4}.Release|Any CPU.Build.0 = Release|Any CPU
	EndGlobalSection
EndGlobal
