
Microsoft Visual Studio Solution File, Format Version 12.00
Project("{FAE04EC0-301F-11D3-BF4B-00C04F79EFBC}") = "UI", "UI\UI.csproj", "{7EEF10B0-7C35-4D0E-8EC4-4AB5D94D0163}"
EndProject
Project("{FAE04EC0-301F-11D3-BF4B-00C04F79EFBC}") = "Database", "Database\Database.csproj", "{B8DBFFDC-9C6A-4A63-AB1F-7B2905EE76A3}"
EndProject
Project("{FAE04EC0-301F-11D3-BF4B-00C04F79EFBC}") = "BL", "BL\BL.csproj", "{D1030CA0-4B96-459A-9056-C5E3D4C12DA2}"
EndProject
Global
	GlobalSection(SolutionConfigurationPlatforms) = preSolution
		Debug|Any CPU = Debug|Any CPU
		Release|Any CPU = Release|Any CPU
	EndGlobalSection
	GlobalSection(ProjectConfigurationPlatforms) = postSolution
		{7EEF10B0-7C35-4D0E-8EC4-4AB5D94D0163}.Debug|Any CPU.ActiveCfg = Debug|Any CPU
		{7EEF10B0-7C35-4D0E-8EC4-4AB5D94D0163}.Debug|Any CPU.Build.0 = Debug|Any CPU
		{7EEF10B0-7C35-4D0E-8EC4-4AB5D94D0163}.Release|Any CPU.ActiveCfg = Release|Any CPU
		{7EEF10B0-7C35-4D0E-8EC4-4AB5D94D0163}.Release|Any CPU.Build.0 = Release|Any CPU
		{B8DBFFDC-9C6A-4A63-AB1F-7B2905EE76A3}.Debug|Any CPU.ActiveCfg = Debug|Any CPU
		{B8DBFFDC-9C6A-4A63-AB1F-7B2905EE76A3}.Debug|Any CPU.Build.0 = Debug|Any CPU
		{B8DBFFDC-9C6A-4A63-AB1F-7B2905EE76A3}.Release|Any CPU.ActiveCfg = Release|Any CPU
		{B8DBFFDC-9C6A-4A63-AB1F-7B2905EE76A3}.Release|Any CPU.Build.0 = Release|Any CPU
		{D1030CA0-4B96-459A-9056-C5E3D4C12DA2}.Debug|Any CPU.ActiveCfg = Debug|Any CPU
		{D1030CA0-4B96-459A-9056-C5E3D4C12DA2}.Debug|Any CPU.Build.0 = Debug|Any CPU
		{D1030CA0-4B96-459A-9056-C5E3D4C12DA2}.Release|Any CPU.ActiveCfg = Release|Any CPU
		{D1030CA0-4B96-459A-9056-C5E3D4C12DA2}.Release|Any CPU.Build.0 = Release|Any CPU
	EndGlobalSection
EndGlobal
