
Microsoft Visual Studio Solution File, Format Version 12.00
Project("{FAE04EC0-301F-11D3-BF4B-00C04F79EFBC}") = "HW13", "HW13\HW13.csproj", "{26A32300-692D-409E-9D12-AB5157C9D083}"
EndProject
Project("{FAE04EC0-301F-11D3-BF4B-00C04F79EFBC}") = "HW13.Tests", "HW13.Tests\HW13.Tests.csproj", "{290C0FDA-52DC-48FE-99D9-C836448ADC13}"
EndProject
Project("{FAE04EC0-301F-11D3-BF4B-00C04F79EFBC}") = "HW10", "..\HW10\HW10\HW10.csproj", "{5AAA5654-313A-458F-82BD-E4B82BBC6548}"
EndProject
Global
	GlobalSection(SolutionConfigurationPlatforms) = preSolution
		Debug|Any CPU = Debug|Any CPU
		Release|Any CPU = Release|Any CPU
	EndGlobalSection
	GlobalSection(ProjectConfigurationPlatforms) = postSolution
		{26A32300-692D-409E-9D12-AB5157C9D083}.Debug|Any CPU.ActiveCfg = Debug|Any CPU
		{26A32300-692D-409E-9D12-AB5157C9D083}.Debug|Any CPU.Build.0 = Debug|Any CPU
		{26A32300-692D-409E-9D12-AB5157C9D083}.Release|Any CPU.ActiveCfg = Release|Any CPU
		{26A32300-692D-409E-9D12-AB5157C9D083}.Release|Any CPU.Build.0 = Release|Any CPU
		{290C0FDA-52DC-48FE-99D9-C836448ADC13}.Debug|Any CPU.ActiveCfg = Debug|Any CPU
		{290C0FDA-52DC-48FE-99D9-C836448ADC13}.Debug|Any CPU.Build.0 = Debug|Any CPU
		{290C0FDA-52DC-48FE-99D9-C836448ADC13}.Release|Any CPU.ActiveCfg = Release|Any CPU
		{290C0FDA-52DC-48FE-99D9-C836448ADC13}.Release|Any CPU.Build.0 = Release|Any CPU
		{5AAA5654-313A-458F-82BD-E4B82BBC6548}.Debug|Any CPU.ActiveCfg = Debug|Any CPU
		{5AAA5654-313A-458F-82BD-E4B82BBC6548}.Debug|Any CPU.Build.0 = Debug|Any CPU
		{5AAA5654-313A-458F-82BD-E4B82BBC6548}.Release|Any CPU.ActiveCfg = Release|Any CPU
		{5AAA5654-313A-458F-82BD-E4B82BBC6548}.Release|Any CPU.Build.0 = Release|Any CPU
	EndGlobalSection
EndGlobal
